<?xml version="1.0" encoding="UTF-8" standalone="yes" ?>
<CodeBlocks_project_file>
	<FileVersion major="1" minor="6" />
	<Project>
		<Option title="PAGE" />
		<Option makefile_is_custom="1" />
		<Option pch_mode="2" />
		<Option compiler="gcc" />
		<Build>
			<Target title="all">
				<Option output="PAGE" prefix_auto="1" extension_auto="1" />
				<Option type="0" />
				<Option compiler="gcc" />
			</Target>
			<Target title="Debug">
				<Option output="bin/Debug/PAGE" prefix_auto="1" extension_auto="1" />
				<Option object_output="obj/Debug/" />
				<Option type="1" />
				<Option compiler="gcc" />
				<Compiler>
					<Add option="-g" />
				</Compiler>
			</Target>
			<Target title="Release">
				<Option output="bin/Release/PAGE" prefix_auto="1" extension_auto="1" />
				<Option object_output="obj/Release/" />
				<Option type="0" />
				<Option compiler="gcc" />
				<Compiler>
					<Add option="-O2" />
				</Compiler>
				<Linker>
					<Add option="-s" />
				</Linker>
			</Target>
		</Build>
		<Compiler>
			<Add option="-Wall" />
		</Compiler>
		<Linker>
			<Add library="GL" />
			<Add library="X11" />
		</Linker>
		<Unit filename="include/page_debug.h">
			<Option target="Debug" />
			<Option target="Release" />
		</Unit>
		<Unit filename="include/page_dof.h" />
		<Unit filename="include/page_graphics.h">
			<Option target="Debug" />
			<Option target="Release" />
		</Unit>
		<Unit filename="include/page_joint.h" />
		<Unit filename="include/page_matrix.h">
			<Option target="Debug" />
			<Option target="Release" />
		</Unit>
		<Unit filename="include/page_mesh.h">
			<Option target="Debug" />
			<Option target="Release" />
		</Unit>
		<Unit filename="include/page_parser.h">
			<Option target="Debug" />
			<Option target="Release" />
		</Unit>
		<Unit filename="include/page_texture.h">
			<Option target="Debug" />
			<Option target="Release" />
		</Unit>
		<Unit filename="include/page_transform.h" />
		<Unit filename="include/page_utility.h">
			<Option target="Debug" />
			<Option target="Release" />
		</Unit>
		<Unit filename="include/page_vector.h">
			<Option target="Debug" />
			<Option target="Release" />
		</Unit>
		<Unit filename="include/page_window.h">
			<Option target="Debug" />
			<Option target="Release" />
		</Unit>
		<Unit filename="models/panda.egg">
			<Option target="Debug" />
			<Option target="Release" />
		</Unit>
		<Unit filename="shaders/panda.fs">
			<Option target="Debug" />
			<Option target="Release" />
		</Unit>
		<Unit filename="shaders/panda.vs">
			<Option target="Debug" />
			<Option target="Release" />
		</Unit>
		<Unit filename="shaders/uberlight.fs">
			<Option target="Debug" />
			<Option target="Release" />
		</Unit>
		<Unit filename="shaders/uberlight.vs">
			<Option target="Debug" />
			<Option target="Release" />
		</Unit>
		<Unit filename="src/main.cpp">
			<Option target="Debug" />
			<Option target="Release" />
		</Unit>
		<Unit filename="src/page_debug.cpp" />
		<Unit filename="src/page_dof.cpp" />
		<Unit filename="src/page_graphics.cpp">
			<Option target="Debug" />
			<Option target="Release" />
		</Unit>
		<Unit filename="src/page_joint.cpp" />
		<Unit filename="src/page_matrix.cpp">
			<Option target="Debug" />
			<Option target="Release" />
		</Unit>
		<Unit filename="src/page_mesh.cpp">
			<Option target="Debug" />
			<Option target="Release" />
		</Unit>
		<Unit filename="src/page_parser.cpp" />
		<Unit filename="src/page_texture.cpp">
			<Option target="Debug" />
			<Option target="Release" />
		</Unit>
		<Unit filename="src/page_transform.cpp" />
		<Unit filename="src/page_utility.cpp">
			<Option target="Debug" />
			<Option target="Release" />
		</Unit>
		<Unit filename="src/page_window.cpp">
			<Option target="Debug" />
			<Option target="Release" />
		</Unit>
		<Extensions>
			<code_completion />
			<debugger />
		</Extensions>
	</Project>
</CodeBlocks_project_file>
